
Microsoft Visual Studio Solution File, Format Version 12.00
# Visual Studio 2012
Project("{FAE04EC0-301F-11D3-BF4B-00C04F79EFBC}") = "InnovationDay.AcceptanceTesting.Pages", "InnovationDay.AcceptanceTesting.Pages\InnovationDay.AcceptanceTesting.Pages.csproj", "{10DB7835-3E80-4382-8B1C-1FDD59546DCC}"
EndProject
Project("{FAE04EC0-301F-11D3-BF4B-00C04F79EFBC}") = "InnovationDay.AcceptanceTesting.Specs", "InnovationDay.AcceptanceTesting.Specs\InnovationDay.AcceptanceTesting.Specs.csproj", "{4FFFC1E2-E471-4C37-A73A-16BABF394380}"
EndProject
Project("{2150E333-8FDC-42A3-9474-1A3956D46DE8}") = ".nuget", ".nuget", "{A6FAAA3F-39F8-4206-9949-103E52606882}"
EndProject
Global
	GlobalSection(SolutionConfigurationPlatforms) = preSolution
		Debug|Any CPU = Debug|Any CPU
		Release|Any CPU = Release|Any CPU
	EndGlobalSection
	GlobalSection(ProjectConfigurationPlatforms) = postSolution
		{10DB7835-3E80-4382-8B1C-1FDD59546DCC}.Debug|Any CPU.ActiveCfg = Debug|Any CPU
		{10DB7835-3E80-4382-8B1C-1FDD59546DCC}.Debug|Any CPU.Build.0 = Debug|Any CPU
		{10DB7835-3E80-4382-8B1C-1FDD59546DCC}.Release|Any CPU.ActiveCfg = Release|Any CPU
		{10DB7835-3E80-4382-8B1C-1FDD59546DCC}.Release|Any CPU.Build.0 = Release|Any CPU
		{4FFFC1E2-E471-4C37-A73A-16BABF394380}.Debug|Any CPU.ActiveCfg = Debug|Any CPU
		{4FFFC1E2-E471-4C37-A73A-16BABF394380}.Debug|Any CPU.Build.0 = Debug|Any CPU
		{4FFFC1E2-E471-4C37-A73A-16BABF394380}.Release|Any CPU.ActiveCfg = Release|Any CPU
		{4FFFC1E2-E471-4C37-A73A-16BABF394380}.Release|Any CPU.Build.0 = Release|Any CPU
	EndGlobalSection
	GlobalSection(SolutionProperties) = preSolution
		HideSolutionNode = FALSE
	EndGlobalSection
EndGlobal
