
Microsoft Visual Studio Solution File, Format Version 12.00
# Visual Studio 2012
Project("{2150E333-8FDC-42A3-9474-1A3956D46DE8}") = ".nuget", ".nuget", "{A6FAAA3F-39F8-4206-9949-103E52606882}"
	ProjectSection(SolutionItems) = preProject
		.nuget\NuGet.Config = .nuget\NuGet.Config
		.nuget\NuGet.exe = .nuget\NuGet.exe
		.nuget\NuGet.targets = .nuget\NuGet.targets
		RunSpecFlow.bat = RunSpecFlow.bat
	EndProjectSection
EndProject
Project("{FAE04EC0-301F-11D3-BF4B-00C04F79EFBC}") = "AcceptanceTesting.Selenium", "AcceptanceTesting.Selenium\AcceptanceTesting.Selenium.csproj", "{898F66A6-EBCF-49CA-BF07-2511C951BB52}"
EndProject
Project("{FAE04EC0-301F-11D3-BF4B-00C04F79EFBC}") = "AcceptanceTesting.Common", "AcceptanceTesting.Common\AcceptanceTesting.Common.csproj", "{207BD117-0707-49A4-8349-EB5DA0D8B99F}"
EndProject
Project("{FAE04EC0-301F-11D3-BF4B-00C04F79EFBC}") = "AcceptanceTesting.Specs", "AcceptanceTesting.Specs\AcceptanceTesting.Specs.csproj", "{61705FAB-7648-40B2-8ACB-771D0A8666AA}"
EndProject
Project("{FAE04EC0-301F-11D3-BF4B-00C04F79EFBC}") = "AcceptanceTesting.Bumblebee", "AcceptanceTesting.Bumblebee\AcceptanceTesting.Bumblebee.csproj", "{49D7CC76-14AA-4D28-A2C5-E82DB3B47894}"
EndProject
Project("{2150E333-8FDC-42A3-9474-1A3956D46DE8}") = "Solution Items", "Solution Items", "{A09D388C-5B12-4875-AB65-4261FED73419}"
	ProjectSection(SolutionItems) = preProject
		RunSpecFlow.bat = RunSpecFlow.bat
	EndProjectSection
EndProject
Project("{FAE04EC0-301F-11D3-BF4B-00C04F79EFBC}") = "AcceptanceTesting.SpecFlow", "AcceptanceTesting.SpecFlow\AcceptanceTesting.SpecFlow.csproj", "{DA08F264-4034-40E1-B0D6-AA5C1390D884}"
EndProject
Project("{2150E333-8FDC-42A3-9474-1A3956D46DE8}") = "Detail", "Detail", "{320711A0-9DE4-4D5F-8477-9A036E7B6034}"
EndProject
Global
	GlobalSection(SolutionConfigurationPlatforms) = preSolution
		Debug|Any CPU = Debug|Any CPU
		Release|Any CPU = Release|Any CPU
	EndGlobalSection
	GlobalSection(ProjectConfigurationPlatforms) = postSolution
		{898F66A6-EBCF-49CA-BF07-2511C951BB52}.Debug|Any CPU.ActiveCfg = Debug|Any CPU
		{898F66A6-EBCF-49CA-BF07-2511C951BB52}.Debug|Any CPU.Build.0 = Debug|Any CPU
		{898F66A6-EBCF-49CA-BF07-2511C951BB52}.Release|Any CPU.ActiveCfg = Release|Any CPU
		{898F66A6-EBCF-49CA-BF07-2511C951BB52}.Release|Any CPU.Build.0 = Release|Any CPU
		{207BD117-0707-49A4-8349-EB5DA0D8B99F}.Debug|Any CPU.ActiveCfg = Debug|Any CPU
		{207BD117-0707-49A4-8349-EB5DA0D8B99F}.Debug|Any CPU.Build.0 = Debug|Any CPU
		{207BD117-0707-49A4-8349-EB5DA0D8B99F}.Release|Any CPU.ActiveCfg = Release|Any CPU
		{207BD117-0707-49A4-8349-EB5DA0D8B99F}.Release|Any CPU.Build.0 = Release|Any CPU
		{61705FAB-7648-40B2-8ACB-771D0A8666AA}.Debug|Any CPU.ActiveCfg = Debug|Any CPU
		{61705FAB-7648-40B2-8ACB-771D0A8666AA}.Debug|Any CPU.Build.0 = Debug|Any CPU
		{61705FAB-7648-40B2-8ACB-771D0A8666AA}.Release|Any CPU.ActiveCfg = Release|Any CPU
		{61705FAB-7648-40B2-8ACB-771D0A8666AA}.Release|Any CPU.Build.0 = Release|Any CPU
		{49D7CC76-14AA-4D28-A2C5-E82DB3B47894}.Debug|Any CPU.ActiveCfg = Debug|Any CPU
		{49D7CC76-14AA-4D28-A2C5-E82DB3B47894}.Debug|Any CPU.Build.0 = Debug|Any CPU
		{49D7CC76-14AA-4D28-A2C5-E82DB3B47894}.Release|Any CPU.ActiveCfg = Release|Any CPU
		{49D7CC76-14AA-4D28-A2C5-E82DB3B47894}.Release|Any CPU.Build.0 = Release|Any CPU
		{DA08F264-4034-40E1-B0D6-AA5C1390D884}.Debug|Any CPU.ActiveCfg = Debug|Any CPU
		{DA08F264-4034-40E1-B0D6-AA5C1390D884}.Debug|Any CPU.Build.0 = Debug|Any CPU
		{DA08F264-4034-40E1-B0D6-AA5C1390D884}.Release|Any CPU.ActiveCfg = Release|Any CPU
		{DA08F264-4034-40E1-B0D6-AA5C1390D884}.Release|Any CPU.Build.0 = Release|Any CPU
	EndGlobalSection
	GlobalSection(SolutionProperties) = preSolution
		HideSolutionNode = FALSE
	EndGlobalSection
	GlobalSection(NestedProjects) = preSolution
		{49D7CC76-14AA-4D28-A2C5-E82DB3B47894} = {320711A0-9DE4-4D5F-8477-9A036E7B6034}
		{DA08F264-4034-40E1-B0D6-AA5C1390D884} = {320711A0-9DE4-4D5F-8477-9A036E7B6034}
		{898F66A6-EBCF-49CA-BF07-2511C951BB52} = {320711A0-9DE4-4D5F-8477-9A036E7B6034}
	EndGlobalSection
EndGlobal
